
Microsoft Visual Studio Solution File, Format Version 12.00
# Visual Studio Version 16
VisualStudioVersion = 16.0.30104.148
MinimumVisualStudioVersion = 10.0.40219.1
Project("{9A19103F-16F7-4668-BE54-9A1E7A4F7556}") = "TP3", "TP3.csproj", "{EE3727A1-F030-4594-AE69-75320096AA6A}"
EndProject
Global
	GlobalSection(SolutionConfigurationPlatforms) = preSolution
		Debug|Any CPU = Debug|Any CPU
		Release|Any CPU = Release|Any CPU
	EndGlobalSection
	GlobalSection(ProjectConfigurationPlatforms) = postSolution
		{EE3727A1-F030-4594-AE69-75320096AA6A}.Debug|Any CPU.ActiveCfg = Debug|Any CPU
		{EE3727A1-F030-4594-AE69-75320096AA6A}.Debug|Any CPU.Build.0 = Debug|Any CPU
		{EE3727A1-F030-4594-AE69-75320096AA6A}.Release|Any CPU.ActiveCfg = Release|Any CPU
		{EE3727A1-F030-4594-AE69-75320096AA6A}.Release|Any CPU.Build.0 = Release|Any CPU
	EndGlobalSection
	GlobalSection(SolutionProperties) = preSolution
		HideSolutionNode = FALSE
	EndGlobalSection
	GlobalSection(ExtensibilityGlobals) = postSolution
		SolutionGuid = {0F098837-02AD-4DFD-BB37-40BECA0C1D5C}
	EndGlobalSection
EndGlobal
